// !$*UTF8*$!
{
	archiveVersion = 1;
	classes = {
	};
	objectVersion = 77;
	objects = {

/* Begin PBXContainerItemProxy section */
		8264A6C02C99758B00A9EACA /* PBXContainerItemProxy */ = {
			isa = PBXContainerItemProxy;
			containerPortal = 8264A6A62C99758900A9EACA /* Project object */;
			proxyType = 1;
			remoteGlobalIDString = 8264A6AD2C99758900A9EACA;
			remoteInfo = 1AppIcon;
		};
		8264A6CA2C99758B00A9EACA /* PBXContainerItemProxy */ = {
			isa = PBXContainerItemProxy;
			containerPortal = 8264A6A62C99758900A9EACA /* Project object */;
			proxyType = 1;
			remoteGlobalIDString = 8264A6AD2C99758900A9EACA;
			remoteInfo = 1AppIcon;
		};
/* End PBXContainerItemProxy section */

/* Begin PBXFileReference section */
		8264A6AE2C99758900A9EACA /* 1AppIcon.app */ = {isa = PBXFileReference; explicitFileType = wrapper.application; includeInIndex = 0; path = 1AppIcon.app; sourceTree = BUILT_PRODUCTS_DIR; };
		8264A6BF2C99758B00A9EACA /* 1AppIconTests.xctest */ = {isa = PBXFileReference; explicitFileType = wrapper.cfbundle; includeInIndex = 0; path = 1AppIconTests.xctest; sourceTree = BUILT_PRODUCTS_DIR; };
		8264A6C92C99758B00A9EACA /* 1AppIconUITests.xctest */ = {isa = PBXFileReference; explicitFileType = wrapper.cfbundle; includeInIndex = 0; path = 1AppIconUITests.xctest; sourceTree = BUILT_PRODUCTS_DIR; };
/* End PBXFileReference section */

/* Begin PBXFileSystemSynchronizedRootGroup section */
		8264A6B02C99758900A9EACA /* 1AppIcon */ = {
			isa = PBXFileSystemSynchronizedRootGroup;
			path = 1AppIcon;
			sourceTree = "<group>";
		};
		8264A6C22C99758B00A9EACA /* 1AppIconTests */ = {
			isa = PBXFileSystemSynchronizedRootGroup;
			path = 1AppIconTests;
			sourceTree = "<group>";
		};
		8264A6CC2C99758B00A9EACA /* 1AppIconUITests */ = {
			isa = PBXFileSystemSynchronizedRootGroup;
			path = 1AppIconUITests;
			sourceTree = "<group>";
		};
/* End PBXFileSystemSynchronizedRootGroup section */

/* Begin PBXFrameworksBuildPhase section */
		8264A6AB2C99758900A9EACA /* Frameworks */ = {
			isa = PBXFrameworksBuildPhase;
			buildActionMask = 2147483647;
			files = (
			);
			runOnlyForDeploymentPostprocessing = 0;
		};
		8264A6BC2C99758B00A9EACA /* Frameworks */ = {
			isa = PBXFrameworksBuildPhase;
			buildActionMask = 2147483647;
			files = (
			);
			runOnlyForDeploymentPostprocessing = 0;
		};
		8264A6C62C99758B00A9EACA /* Frameworks */ = {
			isa = PBXFrameworksBuildPhase;
			buildActionMask = 2147483647;
			files = (
			);
			runOnlyForDeploymentPostprocessing = 0;
		};
/* End PBXFrameworksBuildPhase section */

/* Begin PBXGroup section */
		8264A6A52C99758900A9EACA = {
			isa = PBXGroup;
			children = (
				8264A6B02C99758900A9EACA /* 1AppIcon */,
				8264A6C22C99758B00A9EACA /* 1AppIconTests */,
				8264A6CC2C99758B00A9EACA /* 1AppIconUITests */,
				8264A6AF2C99758900A9EACA /* Products */,
			);
			sourceTree = "<group>";
		};
		8264A6AF2C99758900A9EACA /* Products */ = {
			isa = PBXGroup;
			children = (
				8264A6AE2C99758900A9EACA /* 1AppIcon.app */,
				8264A6BF2C99758B00A9EACA /* 1AppIconTests.xctest */,
				8264A6C92C99758B00A9EACA /* 1AppIconUITests.xctest */,
			);
			name = Products;
			sourceTree = "<group>";
		};
/* End PBXGroup section */

/* Begin PBXNativeTarget section */
		8264A6AD2C99758900A9EACA /* 1AppIcon */ = {
			isa = PBXNativeTarget;
			buildConfigurationList = 8264A6D32C99758B00A9EACA /* Build configuration list for PBXNativeTarget "1AppIcon" */;
			buildPhases = (
				8264A6AA2C99758900A9EACA /* Sources */,
				8264A6AB2C99758900A9EACA /* Frameworks */,
				8264A6AC2C99758900A9EACA /* Resources */,
			);
			buildRules = (
			);
			dependencies = (
			);
			fileSystemSynchronizedGroups = (
				8264A6B02C99758900A9EACA /* 1AppIcon */,
			);
			name = 1AppIcon;
			packageProductDependencies = (
			);
			productName = 1AppIcon;
			productReference = 8264A6AE2C99758900A9EACA /* 1AppIcon.app */;
			productType = "com.apple.product-type.application";
		};
		8264A6BE2C99758B00A9EACA /* 1AppIconTests */ = {
			isa = PBXNativeTarget;
			buildConfigurationList = 8264A6D62C99758B00A9EACA /* Build configuration list for PBXNativeTarget "1AppIconTests" */;
			buildPhases = (
				8264A6BB2C99758B00A9EACA /* Sources */,
				8264A6BC2C99758B00A9EACA /* Frameworks */,
				8264A6BD2C99758B00A9EACA /* Resources */,
			);
			buildRules = (
			);
			dependencies = (
				8264A6C12C99758B00A9EACA /* PBXTargetDependency */,
			);
			fileSystemSynchronizedGroups = (
				8264A6C22C99758B00A9EACA /* 1AppIconTests */,
			);
			name = 1AppIconTests;
			packageProductDependencies = (
			);
			productName = 1AppIconTests;
			productReference = 8264A6BF2C99758B00A9EACA /* 1AppIconTests.xctest */;
			productType = "com.apple.product-type.bundle.unit-test";
		};
		8264A6C82C99758B00A9EACA /* 1AppIconUITests */ = {
			isa = PBXNativeTarget;
			buildConfigurationList = 8264A6D92C99758B00A9EACA /* Build configuration list for PBXNativeTarget "1AppIconUITests" */;
			buildPhases = (
				8264A6C52C99758B00A9EACA /* Sources */,
				8264A6C62C99758B00A9EACA /* Frameworks */,
				8264A6C72C99758B00A9EACA /* Resources */,
			);
			buildRules = (
			);
			dependencies = (
				8264A6CB2C99758B00A9EACA /* PBXTargetDependency */,
			);
			fileSystemSynchronizedGroups = (
				8264A6CC2C99758B00A9EACA /* 1AppIconUITests */,
			);
			name = 1AppIconUITests;
			packageProductDependencies = (
			);
			productName = 1AppIconUITests;
			productReference = 8264A6C92C99758B00A9EACA /* 1AppIconUITests.xctest */;
			productType = "com.apple.product-type.bundle.ui-testing";
		};
/* End PBXNativeTarget section */

/* Begin PBXProject section */
		8264A6A62C99758900A9EACA /* Project object */ = {
			isa = PBXProject;
			attributes = {
				BuildIndependentTargetsInParallel = 1;
				LastSwiftUpdateCheck = 1600;
				LastUpgradeCheck = 1600;
				TargetAttributes = {
					8264A6AD2C99758900A9EACA = {
						CreatedOnToolsVersion = 16.0;
					};
					8264A6BE2C99758B00A9EACA = {
						CreatedOnToolsVersion = 16.0;
						TestTargetID = 8264A6AD2C99758900A9EACA;
					};
					8264A6C82C99758B00A9EACA = {
						CreatedOnToolsVersion = 16.0;
						TestTargetID = 8264A6AD2C99758900A9EACA;
					};
				};
			};
			buildConfigurationList = 8264A6A92C99758900A9EACA /* Build configuration list for PBXProject "1AppIcon" */;
			developmentRegion = en;
			hasScannedForEncodings = 0;
			knownRegions = (
				en,
				Base,
			);
			mainGroup = 8264A6A52C99758900A9EACA;
			minimizedProjectReferenceProxies = 1;
			preferredProjectObjectVersion = 77;
			productRefGroup = 8264A6AF2C99758900A9EACA /* Products */;
			projectDirPath = "";
			projectRoot = "";
			targets = (
				8264A6AD2C99758900A9EACA /* 1AppIcon */,
				8264A6BE2C99758B00A9EACA /* 1AppIconTests */,
				8264A6C82C99758B00A9EACA /* 1AppIconUITests */,
			);
		};
/* End PBXProject section */

/* Begin PBXResourcesBuildPhase section */
		8264A6AC2C99758900A9EACA /* Resources */ = {
			isa = PBXResourcesBuildPhase;
			buildActionMask = 2147483647;
			files = (
			);
			runOnlyForDeploymentPostprocessing = 0;
		};
		8264A6BD2C99758B00A9EACA /* Resources */ = {
			isa = PBXResourcesBuildPhase;
			buildActionMask = 2147483647;
			files = (
			);
			runOnlyForDeploymentPostprocessing = 0;
		};
		8264A6C72C99758B00A9EACA /* Resources */ = {
			isa = PBXResourcesBuildPhase;
			buildActionMask = 2147483647;
			files = (
			);
			runOnlyForDeploymentPostprocessing = 0;
		};
/* End PBXResourcesBuildPhase section */

/* Begin PBXSourcesBuildPhase section */
		8264A6AA2C99758900A9EACA /* Sources */ = {
			isa = PBXSourcesBuildPhase;
			buildActionMask = 2147483647;
			files = (
			);
			runOnlyForDeploymentPostprocessing = 0;
		};
		8264A6BB2C99758B00A9EACA /* Sources */ = {
			isa = PBXSourcesBuildPhase;
			buildActionMask = 2147483647;
			files = (
			);
			runOnlyForDeploymentPostprocessing = 0;
		};
		8264A6C52C99758B00A9EACA /* Sources */ = {
			isa = PBXSourcesBuildPhase;
			buildActionMask = 2147483647;
			files = (
			);
			runOnlyForDeploymentPostprocessing = 0;
		};
/* End PBXSourcesBuildPhase section */

/* Begin PBXTargetDependency section */
		8264A6C12C99758B00A9EACA /* PBXTargetDependency */ = {
			isa = PBXTargetDependency;
			target = 8264A6AD2C99758900A9EACA /* 1AppIcon */;
			targetProxy = 8264A6C02C99758B00A9EACA /* PBXContainerItemProxy */;
		};
		8264A6CB2C99758B00A9EACA /* PBXTargetDependency */ = {
			isa = PBXTargetDependency;
			target = 8264A6AD2C99758900A9EACA /* 1AppIcon */;
			targetProxy = 8264A6CA2C99758B00A9EACA /* PBXContainerItemProxy */;
		};
/* End PBXTargetDependency section */

/* Begin XCBuildConfiguration section */
		8264A6D12C99758B00A9EACA /* Debug */ = {
			isa = XCBuildConfiguration;
			buildSettings = {
				ALWAYS_SEARCH_USER_PATHS = NO;
				ASSETCATALOG_COMPILER_GENERATE_SWIFT_ASSET_SYMBOL_EXTENSIONS = YES;
				CLANG_ANALYZER_NONNULL = YES;
				CLANG_ANALYZER_NUMBER_OBJECT_CONVERSION = YES_AGGRESSIVE;
				CLANG_CXX_LANGUAGE_STANDARD = "gnu++20";
				CLANG_ENABLE_MODULES = YES;
				CLANG_ENABLE_OBJC_ARC = YES;
				CLANG_ENABLE_OBJC_WEAK = YES;
				CLANG_WARN_BLOCK_CAPTURE_AUTORELEASING = YES;
				CLANG_WARN_BOOL_CONVERSION = YES;
				CLANG_WARN_COMMA = YES;
				CLANG_WARN_CONSTANT_CONVERSION = YES;
				CLANG_WARN_DEPRECATED_OBJC_IMPLEMENTATIONS = YES;
				CLANG_WARN_DIRECT_OBJC_ISA_USAGE = YES_ERROR;
				CLANG_WARN_DOCUMENTATION_COMMENTS = YES;
				CLANG_WARN_EMPTY_BODY = YES;
				CLANG_WARN_ENUM_CONVERSION = YES;
				CLANG_WARN_INFINITE_RECURSION = YES;
				CLANG_WARN_INT_CONVERSION = YES;
				CLANG_WARN_NON_LITERAL_NULL_CONVERSION = YES;
				CLANG_WARN_OBJC_IMPLICIT_RETAIN_SELF = YES;
				CLANG_WARN_OBJC_LITERAL_CONVERSION = YES;
				CLANG_WARN_OBJC_ROOT_CLASS = YES_ERROR;
				CLANG_WARN_QUOTED_INCLUDE_IN_FRAMEWORK_HEADER = YES;
				CLANG_WARN_RANGE_LOOP_ANALYSIS = YES;
				CLANG_WARN_STRICT_PROTOTYPES = YES;
				CLANG_WARN_SUSPICIOUS_MOVE = YES;
				CLANG_WARN_UNGUARDED_AVAILABILITY = YES_AGGRESSIVE;
				CLANG_WARN_UNREACHABLE_CODE = YES;
				CLANG_WARN__DUPLICATE_METHOD_MATCH = YES;
				COPY_PHASE_STRIP = NO;
				DEBUG_INFORMATION_FORMAT = dwarf;
				ENABLE_STRICT_OBJC_MSGSEND = YES;
				ENABLE_TESTABILITY = YES;
				ENABLE_USER_SCRIPT_SANDBOXING = YES;
				GCC_C_LANGUAGE_STANDARD = gnu17;
				GCC_DYNAMIC_NO_PIC = NO;
				GCC_NO_COMMON_BLOCKS = YES;
				GCC_OPTIMIZATION_LEVEL = 0;
				GCC_PREPROCESSOR_DEFINITIONS = (
					"DEBUG=1",
					"$(inherited)",
				);
				GCC_WARN_64_TO_32_BIT_CONVERSION = YES;
				GCC_WARN_ABOUT_RETURN_TYPE = YES_ERROR;
				GCC_WARN_UNDECLARED_SELECTOR = YES;
				GCC_WARN_UNINITIALIZED_AUTOS = YES_AGGRESSIVE;
				GCC_WARN_UNUSED_FUNCTION = YES;
				GCC_WARN_UNUSED_VARIABLE = YES;
				LOCALIZATION_PREFERS_STRING_CATALOGS = YES;
				MACOSX_DEPLOYMENT_TARGET = 15.0;
				MTL_ENABLE_DEBUG_INFO = INCLUDE_SOURCE;
				MTL_FAST_MATH = YES;
				ONLY_ACTIVE_ARCH = YES;
				SDKROOT = macosx;
				SWIFT_ACTIVE_COMPILATION_CONDITIONS = "DEBUG $(inherited)";
				SWIFT_OPTIMIZATION_LEVEL = "-Onone";
			};
			name = Debug;
		};
		8264A6D22C99758B00A9EACA /* Release */ = {
			isa = XCBuildConfiguration;
			buildSettings = {
				ALWAYS_SEARCH_USER_PATHS = NO;
				ASSETCATALOG_COMPILER_GENERATE_SWIFT_ASSET_SYMBOL_EXTENSIONS = YES;
				CLANG_ANALYZER_NONNULL = YES;
				CLANG_ANALYZER_NUMBER_OBJECT_CONVERSION = YES_AGGRESSIVE;
				CLANG_CXX_LANGUAGE_STANDARD = "gnu++20";
				CLANG_ENABLE_MODULES = YES;
				CLANG_ENABLE_OBJC_ARC = YES;
				CLANG_ENABLE_OBJC_WEAK = YES;
				CLANG_WARN_BLOCK_CAPTURE_AUTORELEASING = YES;
				CLANG_WARN_BOOL_CONVERSION = YES;
				CLANG_WARN_COMMA = YES;
				CLANG_WARN_CONSTANT_CONVERSION = YES;
				CLANG_WARN_DEPRECATED_OBJC_IMPLEMENTATIONS = YES;
				CLANG_WARN_DIRECT_OBJC_ISA_USAGE = YES_ERROR;
				CLANG_WARN_DOCUMENTATION_COMMENTS = YES;
				CLANG_WARN_EMPTY_BODY = YES;
				CLANG_WARN_ENUM_CONVERSION = YES;
				CLANG_WARN_INFINITE_RECURSION = YES;
				CLANG_WARN_INT_CONVERSION = YES;
				CLANG_WARN_NON_LITERAL_NULL_CONVERSION = YES;
				CLANG_WARN_OBJC_IMPLICIT_RETAIN_SELF = YES;
				CLANG_WARN_OBJC_LITERAL_CONVERSION = YES;
				CLANG_WARN_OBJC_ROOT_CLASS = YES_ERROR;
				CLANG_WARN_QUOTED_INCLUDE_IN_FRAMEWORK_HEADER = YES;
				CLANG_WARN_RANGE_LOOP_ANALYSIS = YES;
				CLANG_WARN_STRICT_PROTOTYPES = YES;
				CLANG_WARN_SUSPICIOUS_MOVE = YES;
				CLANG_WARN_UNGUARDED_AVAILABILITY = YES_AGGRESSIVE;
				CLANG_WARN_UNREACHABLE_CODE = YES;
				CLANG_WARN__DUPLICATE_METHOD_MATCH = YES;
				COPY_PHASE_STRIP = NO;
				DEBUG_INFORMATION_FORMAT = "dwarf-with-dsym";
				ENABLE_NS_ASSERTIONS = NO;
				ENABLE_STRICT_OBJC_MSGSEND = YES;
				ENABLE_USER_SCRIPT_SANDBOXING = YES;
				GCC_C_LANGUAGE_STANDARD = gnu17;
				GCC_NO_COMMON_BLOCKS = YES;
				GCC_WARN_64_TO_32_BIT_CONVERSION = YES;
				GCC_WARN_ABOUT_RETURN_TYPE = YES_ERROR;
				GCC_WARN_UNDECLARED_SELECTOR = YES;
				GCC_WARN_UNINITIALIZED_AUTOS = YES_AGGRESSIVE;
				GCC_WARN_UNUSED_FUNCTION = YES;
				GCC_WARN_UNUSED_VARIABLE = YES;
				LOCALIZATION_PREFERS_STRING_CATALOGS = YES;
				MACOSX_DEPLOYMENT_TARGET = 15.0;
				MTL_ENABLE_DEBUG_INFO = NO;
				MTL_FAST_MATH = YES;
				SDKROOT = macosx;
				SWIFT_COMPILATION_MODE = wholemodule;
			};
			name = Release;
		};
		8264A6D42C99758B00A9EACA /* Debug */ = {
			isa = XCBuildConfiguration;
			buildSettings = {
				ASSETCATALOG_COMPILER_APPICON_NAME = "AppIcon-Developer";
				ASSETCATALOG_COMPILER_GLOBAL_ACCENT_COLOR_NAME = AccentColor;
				ASSETCATALOG_COMPILER_INCLUDE_ALL_APPICON_ASSETS = YES;
				CODE_SIGN_ENTITLEMENTS = 1AppIcon/_AppIcon.entitlements;
				CODE_SIGN_STYLE = Automatic;
				COMBINE_HIDPI_IMAGES = YES;
				CURRENT_PROJECT_VERSION = 0;
				DEVELOPMENT_ASSET_PATHS = "\"1AppIcon/Preview Content\"";
				DEVELOPMENT_TEAM = DJK5VXSY4R;
				ENABLE_HARDENED_RUNTIME = YES;
				ENABLE_PREVIEWS = YES;
				GENERATE_INFOPLIST_FILE = YES;
				INFOPLIST_KEY_CFBundleDisplayName = 1AppIcon;
				INFOPLIST_KEY_LSApplicationCategoryType = "public.app-category.utilities";
				INFOPLIST_KEY_NSHumanReadableCopyright = "Copyright © 2024 lk-code";
				LD_RUNPATH_SEARCH_PATHS = (
					"$(inherited)",
					"@executable_path/../Frameworks",
				);
				MACOSX_DEPLOYMENT_TARGET = 13.0;
				MARKETING_VERSION = 0.0.0;
				PRODUCT_BUNDLE_IDENTIFIER = "dev.lk-code.AppIcon";
				PRODUCT_NAME = "$(TARGET_NAME)";
				SWIFT_EMIT_LOC_STRINGS = YES;
				SWIFT_VERSION = 5.0;
			};
			name = Debug;
		};
		8264A6D52C99758B00A9EACA /* Release */ = {
			isa = XCBuildConfiguration;
			buildSettings = {
				ASSETCATALOG_COMPILER_APPICON_NAME = "AppIcon-Home";
				ASSETCATALOG_COMPILER_GLOBAL_ACCENT_COLOR_NAME = AccentColor;
				ASSETCATALOG_COMPILER_INCLUDE_ALL_APPICON_ASSETS = YES;
				CODE_SIGN_ENTITLEMENTS = 1AppIcon/_AppIcon.entitlements;
				CODE_SIGN_STYLE = Automatic;
				COMBINE_HIDPI_IMAGES = YES;
				CURRENT_PROJECT_VERSION = 0;
				DEVELOPMENT_ASSET_PATHS = "\"1AppIcon/Preview Content\"";
				DEVELOPMENT_TEAM = DJK5VXSY4R;
				ENABLE_HARDENED_RUNTIME = YES;
				ENABLE_PREVIEWS = YES;
				GENERATE_INFOPLIST_FILE = YES;
				INFOPLIST_KEY_CFBundleDisplayName = 1AppIcon;
				INFOPLIST_KEY_LSApplicationCategoryType = "public.app-category.utilities";
				INFOPLIST_KEY_NSHumanReadableCopyright = "Copyright © 2024 lk-code";
				LD_RUNPATH_SEARCH_PATHS = (
					"$(inherited)",
					"@executable_path/../Frameworks",
				);
				MACOSX_DEPLOYMENT_TARGET = 13.0;
				MARKETING_VERSION = 0.0.0;
				PRODUCT_BUNDLE_IDENTIFIER = "dev.lk-code.AppIcon";
				PRODUCT_NAME = "$(TARGET_NAME)";
				SWIFT_EMIT_LOC_STRINGS = YES;
				SWIFT_VERSION = 5.0;
			};
			name = Release;
		};
		8264A6D72C99758B00A9EACA /* Debug */ = {
			isa = XCBuildConfiguration;
			buildSettings = {
				BUNDLE_LOADER = "$(TEST_HOST)";
				CODE_SIGN_STYLE = Automatic;
				CURRENT_PROJECT_VERSION = 1;
				DEVELOPMENT_TEAM = DJK5VXSY4R;
				GENERATE_INFOPLIST_FILE = YES;
				MACOSX_DEPLOYMENT_TARGET = 15.0;
				MARKETING_VERSION = 1.0;
				PRODUCT_BUNDLE_IDENTIFIER = "dev.lk-code.-AppIconTests";
				PRODUCT_NAME = "$(TARGET_NAME)";
				SWIFT_EMIT_LOC_STRINGS = NO;
				SWIFT_VERSION = 5.0;
				TEST_HOST = "$(BUILT_PRODUCTS_DIR)/1AppIcon.app/$(BUNDLE_EXECUTABLE_FOLDER_PATH)/1AppIcon";
			};
			name = Debug;
		};
		8264A6D82C99758B00A9EACA /* Release */ = {
			isa = XCBuildConfiguration;
			buildSettings = {
				BUNDLE_LOADER = "$(TEST_HOST)";
				CODE_SIGN_STYLE = Automatic;
				CURRENT_PROJECT_VERSION = 1;
				DEVELOPMENT_TEAM = DJK5VXSY4R;
				GENERATE_INFOPLIST_FILE = YES;
				MACOSX_DEPLOYMENT_TARGET = 15.0;
				MARKETING_VERSION = 1.0;
				PRODUCT_BUNDLE_IDENTIFIER = "dev.lk-code.-AppIconTests";
				PRODUCT_NAME = "$(TARGET_NAME)";
				SWIFT_EMIT_LOC_STRINGS = NO;
				SWIFT_VERSION = 5.0;
				TEST_HOST = "$(BUILT_PRODUCTS_DIR)/1AppIcon.app/$(BUNDLE_EXECUTABLE_FOLDER_PATH)/1AppIcon";
			};
			name = Release;
		};
		8264A6DA2C99758B00A9EACA /* Debug */ = {
			isa = XCBuildConfiguration;
			buildSettings = {
				CODE_SIGN_STYLE = Automatic;
				CURRENT_PROJECT_VERSION = 1;
				DEVELOPMENT_TEAM = DJK5VXSY4R;
				GENERATE_INFOPLIST_FILE = YES;
				MARKETING_VERSION = 1.0;
				PRODUCT_BUNDLE_IDENTIFIER = "dev.lk-code.-AppIconUITests";
				PRODUCT_NAME = "$(TARGET_NAME)";
				SWIFT_EMIT_LOC_STRINGS = NO;
				SWIFT_VERSION = 5.0;
				TEST_TARGET_NAME = 1AppIcon;
			};
			name = Debug;
		};
		8264A6DB2C99758B00A9EACA /* Release */ = {
			isa = XCBuildConfiguration;
			buildSettings = {
				CODE_SIGN_STYLE = Automatic;
				CURRENT_PROJECT_VERSION = 1;
				DEVELOPMENT_TEAM = DJK5VXSY4R;
				GENERATE_INFOPLIST_FILE = YES;
				MARKETING_VERSION = 1.0;
				PRODUCT_BUNDLE_IDENTIFIER = "dev.lk-code.-AppIconUITests";
				PRODUCT_NAME = "$(TARGET_NAME)";
				SWIFT_EMIT_LOC_STRINGS = NO;
				SWIFT_VERSION = 5.0;
				TEST_TARGET_NAME = 1AppIcon;
			};
			name = Release;
		};
/* End XCBuildConfiguration section */

/* Begin XCConfigurationList section */
		8264A6A92C99758900A9EACA /* Build configuration list for PBXProject "1AppIcon" */ = {
			isa = XCConfigurationList;
			buildConfigurations = (
				8264A6D12C99758B00A9EACA /* Debug */,
				8264A6D22C99758B00A9EACA /* Release */,
			);
			defaultConfigurationIsVisible = 0;
			defaultConfigurationName = Release;
		};
		8264A6D32C99758B00A9EACA /* Build configuration list for PBXNativeTarget "1AppIcon" */ = {
			isa = XCConfigurationList;
			buildConfigurations = (
				8264A6D42C99758B00A9EACA /* Debug */,
				8264A6D52C99758B00A9EACA /* Release */,
			);
			defaultConfigurationIsVisible = 0;
			defaultConfigurationName = Release;
		};
		8264A6D62C99758B00A9EACA /* Build configuration list for PBXNativeTarget "1AppIconTests" */ = {
			isa = XCConfigurationList;
			buildConfigurations = (
				8264A6D72C99758B00A9EACA /* Debug */,
				8264A6D82C99758B00A9EACA /* Release */,
			);
			defaultConfigurationIsVisible = 0;
			defaultConfigurationName = Release;
		};
		8264A6D92C99758B00A9EACA /* Build configuration list for PBXNativeTarget "1AppIconUITests" */ = {
			isa = XCConfigurationList;
			buildConfigurations = (
				8264A6DA2C99758B00A9EACA /* Debug */,
				8264A6DB2C99758B00A9EACA /* Release */,
			);
			defaultConfigurationIsVisible = 0;
			defaultConfigurationName = Release;
		};
/* End XCConfigurationList section */
	};
	rootObject = 8264A6A62C99758900A9EACA /* Project object */;
}
